
Microsoft Visual Studio Solution File, Format Version 11.00
# Visual Studio 2010
Project("{FAE04EC0-301F-11D3-BF4B-00C04F79EFBC}") = "Assembly-CSharp", "Assembly-CSharp.csproj", "{B15389DC-7EA9-112C-2FE0-B70A824D02D9}"
EndProject
Project("{FAE04EC0-301F-11D3-BF4B-00C04F79EFBC}") = "Assembly-CSharp-Editor", "Assembly-CSharp-Editor.csproj", "{79F70676-1EA1-691A-4681-005CC795DCD9}"
EndProject
Global
	GlobalSection(SolutionConfigurationPlatforms) = preSolution
		Debug|Any CPU = Debug|Any CPU
		Release|Any CPU = Release|Any CPU
	EndGlobalSection
	GlobalSection(ProjectConfigurationPlatforms) = postSolution
		{B15389DC-7EA9-112C-2FE0-B70A824D02D9}.Debug|Any CPU.ActiveCfg = Debug|Any CPU
		{B15389DC-7EA9-112C-2FE0-B70A824D02D9}.Debug|Any CPU.Build.0 = Debug|Any CPU
		{B15389DC-7EA9-112C-2FE0-B70A824D02D9}.Release|Any CPU.ActiveCfg = Release|Any CPU
		{B15389DC-7EA9-112C-2FE0-B70A824D02D9}.Release|Any CPU.Build.0 = Release|Any CPU
		{79F70676-1EA1-691A-4681-005CC795DCD9}.Debug|Any CPU.ActiveCfg = Debug|Any CPU
		{79F70676-1EA1-691A-4681-005CC795DCD9}.Debug|Any CPU.Build.0 = Debug|Any CPU
		{79F70676-1EA1-691A-4681-005CC795DCD9}.Release|Any CPU.ActiveCfg = Release|Any CPU
		{79F70676-1EA1-691A-4681-005CC795DCD9}.Release|Any CPU.Build.0 = Release|Any CPU
	EndGlobalSection
	GlobalSection(SolutionProperties) = preSolution
		HideSolutionNode = FALSE
	EndGlobalSection
	GlobalSection(MonoDevelopProperties) = preSolution
		StartupItem = Assembly-CSharp.csproj
	EndGlobalSection
EndGlobal
